lockfileVersion: '9.0'

settings:
  autoInstallPeers: true
  excludeLinksFromLockfile: false

importers:

  .:
    dependencies:
      '@msgpack/msgpack':
        specifier: 3.0.0-beta2
        version: 3.0.0-beta2
      js-base64:
        specifier: ^3.7.7
        version: 3.7.7
    devDependencies:
      hono:
        specifier: ^4.5.0
        version: 4.5.0
      prettier:
        specifier: ^3.3.3
        version: 3.3.3
      typescript:
        specifier: ^5.5.3
        version: 5.5.3

packages:

  '@msgpack/msgpack@3.0.0-beta2':
    resolution: {integrity: sha512-y+l1PNV0XDyY8sM3YtuMLK5vE3/hkfId+Do8pLo/OPxfxuFAUwcGz3oiiUuV46/aBpwTzZ+mRWVMtlSKbradhw==}
    engines: {node: '>= 14'}

  hono@4.5.0:
    resolution: {integrity: sha512-ZbezypZfn4odyApjCCv+Fw5OgweBqRLA/EsMyc4FUknFvBJcBIKhHy4sqmD1rWpBc/3wUlaQ6tqOPjk36R1ckg==}
    engines: {node: '>=16.0.0'}

  js-base64@3.7.7:
    resolution: {integrity: sha512-7rCnleh0z2CkXhH67J8K1Ytz0b2Y+yxTPL+/KOJoa20hfnVQ/3/T6W/KflYI4bRHRagNeXeU2bkNGI3v1oS/lw==}

  prettier@3.3.3:
    resolution: {integrity: sha512-i2tDNA0O5IrMO757lfrdQZCc2jPNDVntV0m/+4whiDfWaTKfMNgR7Qz0NAeGz/nRqF4m5/6CLzbP4/liHt12Ew==}
    engines: {node: '>=14'}
    hasBin: true

  typescript@5.5.3:
    resolution: {integrity: sha512-/hreyEujaB0w76zKo6717l3L0o/qEUtRgdvUBvlkhoWeOVMjMuHNHk0BRBzikzuGDqNmPQbg5ifMEqsHLiIUcQ==}
    engines: {node: '>=14.17'}
    hasBin: true

snapshots:

  '@msgpack/msgpack@3.0.0-beta2': {}

  hono@4.5.0: {}

  js-base64@3.7.7: {}

  prettier@3.3.3: {}

  typescript@5.5.3: {}
